// !$*UTF8*$!
{
	archiveVersion = 1;
	classes = {
	};
	objectVersion = 56;
	objects = {

/* Begin PBXBuildFile section */
		7B8BEDA92C946E98000A4809 /* CarPlayHome.swift in Sources */ = {isa = PBXBuildFile; fileRef = 7B8BEDA82C946E98000A4809 /* CarPlayHome.swift */; };
		7BA2E7062C97134800CA90E3 /* MapView.swift in Sources */ = {isa = PBXBuildFile; fileRef = 7BA2E7052C97134800CA90E3 /* MapView.swift */; };
		7BA2E7082C9734A500CA90E3 /* ItemInfoView.swift in Sources */ = {isa = PBXBuildFile; fileRef = 7BA2E7072C9734A500CA90E3 /* ItemInfoView.swift */; };
		7BA2E70A2C9734D500CA90E3 /* LocationManager.swift in Sources */ = {isa = PBXBuildFile; fileRef = 7BA2E7092C9734D500CA90E3 /* LocationManager.swift */; };
		A16A7DB62C9DA792000A9737 /* ShoutView.swift in Sources */ = {isa = PBXBuildFile; fileRef = A16A7DB52C9DA792000A9737 /* ShoutView.swift */; };
		A1B156DF2C9544F100A1B969 /* VideoPlayView.swift in Sources */ = {isa = PBXBuildFile; fileRef = A1B156DE2C9544F100A1B969 /* VideoPlayView.swift */; };
		A1B156E12C9545CB00A1B969 /* DriveScoreView.swift in Sources */ = {isa = PBXBuildFile; fileRef = A1B156E02C9545CB00A1B969 /* DriveScoreView.swift */; };
		CE6CDACB2C92EEE7005F7792 /* kaizen_fitnessApp.swift in Sources */ = {isa = PBXBuildFile; fileRef = CE6CDACA2C92EEE7005F7792 /* kaizen_fitnessApp.swift */; };
		CE6CDACD2C92EEE7005F7792 /* ContentView.swift in Sources */ = {isa = PBXBuildFile; fileRef = CE6CDACC2C92EEE7005F7792 /* ContentView.swift */; };
		CE6CDACF2C92EEE7005F7792 /* Assets.xcassets in Resources */ = {isa = PBXBuildFile; fileRef = CE6CDACE2C92EEE7005F7792 /* Assets.xcassets */; };
		CE6CDAD22C92EEE7005F7792 /* Preview Assets.xcassets in Resources */ = {isa = PBXBuildFile; fileRef = CE6CDAD12C92EEE7005F7792 /* Preview Assets.xcassets */; };
		CE988D242C932B6600BC7E5C /* SelectPlanScreen.swift in Sources */ = {isa = PBXBuildFile; fileRef = CE988D232C932B6600BC7E5C /* SelectPlanScreen.swift */; };
		CE988D282C932E1C00BC7E5C /* buttonStyle+View.swift in Sources */ = {isa = PBXBuildFile; fileRef = CE988D252C932E1C00BC7E5C /* buttonStyle+View.swift */; };
		CE988D292C932E1C00BC7E5C /* cardStyle+View.swift in Sources */ = {isa = PBXBuildFile; fileRef = CE988D262C932E1C00BC7E5C /* cardStyle+View.swift */; };
		CE988D2B2C932E7200BC7E5C /* DriveScreen.swift in Sources */ = {isa = PBXBuildFile; fileRef = CE988D2A2C932E7200BC7E5C /* DriveScreen.swift */; };
		CE988D2F2C9330DD00BC7E5C /* car.gif in Resources */ = {isa = PBXBuildFile; fileRef = CE988D2E2C9330DD00BC7E5C /* car.gif */; };
/* End PBXBuildFile section */

/* Begin PBXFileReference section */
		7B8BEDA82C946E98000A4809 /* CarPlayHome.swift */ = {isa = PBXFileReference; lastKnownFileType = sourcecode.swift; path = CarPlayHome.swift; sourceTree = "<group>"; };
		7BA2E7052C97134800CA90E3 /* MapView.swift */ = {isa = PBXFileReference; lastKnownFileType = sourcecode.swift; path = MapView.swift; sourceTree = "<group>"; };
		7BA2E7072C9734A500CA90E3 /* ItemInfoView.swift */ = {isa = PBXFileReference; lastKnownFileType = sourcecode.swift; path = ItemInfoView.swift; sourceTree = "<group>"; };
		7BA2E7092C9734D500CA90E3 /* LocationManager.swift */ = {isa = PBXFileReference; lastKnownFileType = sourcecode.swift; path = LocationManager.swift; sourceTree = "<group>"; };
		A16A7DB52C9DA792000A9737 /* ShoutView.swift */ = {isa = PBXFileReference; lastKnownFileType = sourcecode.swift; path = ShoutView.swift; sourceTree = "<group>"; };
		A1B156DE2C9544F100A1B969 /* VideoPlayView.swift */ = {isa = PBXFileReference; lastKnownFileType = sourcecode.swift; path = VideoPlayView.swift; sourceTree = "<group>"; };
		A1B156E02C9545CB00A1B969 /* DriveScoreView.swift */ = {isa = PBXFileReference; lastKnownFileType = sourcecode.swift; path = DriveScoreView.swift; sourceTree = "<group>"; };
		CE6CDAC72C92EEE7005F7792 /* kaizen-fitness.app */ = {isa = PBXFileReference; explicitFileType = wrapper.application; includeInIndex = 0; path = "kaizen-fitness.app"; sourceTree = BUILT_PRODUCTS_DIR; };
		CE6CDACA2C92EEE7005F7792 /* kaizen_fitnessApp.swift */ = {isa = PBXFileReference; lastKnownFileType = sourcecode.swift; path = kaizen_fitnessApp.swift; sourceTree = "<group>"; };
		CE6CDACC2C92EEE7005F7792 /* ContentView.swift */ = {isa = PBXFileReference; lastKnownFileType = sourcecode.swift; path = ContentView.swift; sourceTree = "<group>"; };
		CE6CDACE2C92EEE7005F7792 /* Assets.xcassets */ = {isa = PBXFileReference; lastKnownFileType = folder.assetcatalog; path = Assets.xcassets; sourceTree = "<group>"; };
		CE6CDAD12C92EEE7005F7792 /* Preview Assets.xcassets */ = {isa = PBXFileReference; lastKnownFileType = folder.assetcatalog; path = "Preview Assets.xcassets"; sourceTree = "<group>"; };
		CE988D232C932B6600BC7E5C /* SelectPlanScreen.swift */ = {isa = PBXFileReference; lastKnownFileType = sourcecode.swift; path = SelectPlanScreen.swift; sourceTree = "<group>"; };
		CE988D252C932E1C00BC7E5C /* buttonStyle+View.swift */ = {isa = PBXFileReference; fileEncoding = 4; lastKnownFileType = sourcecode.swift; path = "buttonStyle+View.swift"; sourceTree = "<group>"; };
		CE988D262C932E1C00BC7E5C /* cardStyle+View.swift */ = {isa = PBXFileReference; fileEncoding = 4; lastKnownFileType = sourcecode.swift; path = "cardStyle+View.swift"; sourceTree = "<group>"; };
		CE988D2A2C932E7200BC7E5C /* DriveScreen.swift */ = {isa = PBXFileReference; lastKnownFileType = sourcecode.swift; path = DriveScreen.swift; sourceTree = "<group>"; };
		CE988D2E2C9330DD00BC7E5C /* car.gif */ = {isa = PBXFileReference; lastKnownFileType = image.gif; path = car.gif; sourceTree = "<group>"; };
/* End PBXFileReference section */

/* Begin PBXFrameworksBuildPhase section */
		CE6CDAC42C92EEE7005F7792 /* Frameworks */ = {
			isa = PBXFrameworksBuildPhase;
			buildActionMask = 2147483647;
			files = (
			);
			runOnlyForDeploymentPostprocessing = 0;
		};
/* End PBXFrameworksBuildPhase section */

/* Begin PBXGroup section */
		CE6CDABE2C92EEE7005F7792 = {
			isa = PBXGroup;
			children = (
				CE6CDAC92C92EEE7005F7792 /* kaizen-fitness */,
				CE6CDAC82C92EEE7005F7792 /* Products */,
			);
			sourceTree = "<group>";
		};
		CE6CDAC82C92EEE7005F7792 /* Products */ = {
			isa = PBXGroup;
			children = (
				CE6CDAC72C92EEE7005F7792 /* kaizen-fitness.app */,
			);
			name = Products;
			sourceTree = "<group>";
		};
		CE6CDAC92C92EEE7005F7792 /* kaizen-fitness */ = {
			isa = PBXGroup;
			children = (
				A1B156DE2C9544F100A1B969 /* VideoPlayView.swift */,
				CE6CDACA2C92EEE7005F7792 /* kaizen_fitnessApp.swift */,
				CE6CDACC2C92EEE7005F7792 /* ContentView.swift */,
				CE988D232C932B6600BC7E5C /* SelectPlanScreen.swift */,
				A1B156E02C9545CB00A1B969 /* DriveScoreView.swift */,
				CE988D2A2C932E7200BC7E5C /* DriveScreen.swift */,
				CE988D272C932E1C00BC7E5C /* Style */,
				CE6CDACE2C92EEE7005F7792 /* Assets.xcassets */,
				CE988D2E2C9330DD00BC7E5C /* car.gif */,
				CE6CDAD02C92EEE7005F7792 /* Preview Content */,
				7B8BEDA82C946E98000A4809 /* CarPlayHome.swift */,
				7BA2E7052C97134800CA90E3 /* MapView.swift */,
				A16A7DB52C9DA792000A9737 /* ShoutView.swift */,
				7BA2E7072C9734A500CA90E3 /* ItemInfoView.swift */,
				7BA2E7092C9734D500CA90E3 /* LocationManager.swift */,
			);
			path = "kaizen-fitness";
			sourceTree = "<group>";
		};
		CE6CDAD02C92EEE7005F7792 /* Preview Content */ = {
			isa = PBXGroup;
			children = (
				CE6CDAD12C92EEE7005F7792 /* Preview Assets.xcassets */,
			);
			path = "Preview Content";
			sourceTree = "<group>";
		};
		CE988D272C932E1C00BC7E5C /* Style */ = {
			isa = PBXGroup;
			children = (
				CE988D252C932E1C00BC7E5C /* buttonStyle+View.swift */,
				CE988D262C932E1C00BC7E5C /* cardStyle+View.swift */,
			);
			path = Style;
			sourceTree = "<group>";
		};
/* End PBXGroup section */

/* Begin PBXNativeTarget section */
		CE6CDAC62C92EEE7005F7792 /* kaizen-fitness */ = {
			isa = PBXNativeTarget;
			buildConfigurationList = CE6CDAD52C92EEE7005F7792 /* Build configuration list for PBXNativeTarget "kaizen-fitness" */;
			buildPhases = (
				CE6CDAC32C92EEE7005F7792 /* Sources */,
				CE6CDAC42C92EEE7005F7792 /* Frameworks */,
				CE6CDAC52C92EEE7005F7792 /* Resources */,
			);
			buildRules = (
			);
			dependencies = (
			);
			name = "kaizen-fitness";
			productName = "kaizen-fitness";
			productReference = CE6CDAC72C92EEE7005F7792 /* kaizen-fitness.app */;
			productType = "com.apple.product-type.application";
		};
/* End PBXNativeTarget section */

/* Begin PBXProject section */
		CE6CDABF2C92EEE7005F7792 /* Project object */ = {
			isa = PBXProject;
			attributes = {
				BuildIndependentTargetsInParallel = 1;
				LastSwiftUpdateCheck = 1540;
				LastUpgradeCheck = 1540;
				TargetAttributes = {
					CE6CDAC62C92EEE7005F7792 = {
						CreatedOnToolsVersion = 15.4;
					};
				};
			};
			buildConfigurationList = CE6CDAC22C92EEE7005F7792 /* Build configuration list for PBXProject "kaizen-fitness" */;
			compatibilityVersion = "Xcode 14.0";
			developmentRegion = en;
			hasScannedForEncodings = 0;
			knownRegions = (
				en,
				Base,
			);
			mainGroup = CE6CDABE2C92EEE7005F7792;
			productRefGroup = CE6CDAC82C92EEE7005F7792 /* Products */;
			projectDirPath = "";
			projectRoot = "";
			targets = (
				CE6CDAC62C92EEE7005F7792 /* kaizen-fitness */,
			);
		};
/* End PBXProject section */

/* Begin PBXResourcesBuildPhase section */
		CE6CDAC52C92EEE7005F7792 /* Resources */ = {
			isa = PBXResourcesBuildPhase;
			buildActionMask = 2147483647;
			files = (
				CE988D2F2C9330DD00BC7E5C /* car.gif in Resources */,
				CE6CDAD22C92EEE7005F7792 /* Preview Assets.xcassets in Resources */,
				CE6CDACF2C92EEE7005F7792 /* Assets.xcassets in Resources */,
			);
			runOnlyForDeploymentPostprocessing = 0;
		};
/* End PBXResourcesBuildPhase section */

/* Begin PBXSourcesBuildPhase section */
		CE6CDAC32C92EEE7005F7792 /* Sources */ = {
			isa = PBXSourcesBuildPhase;
			buildActionMask = 2147483647;
			files = (
				7BA2E7082C9734A500CA90E3 /* ItemInfoView.swift in Sources */,
				CE6CDACD2C92EEE7005F7792 /* ContentView.swift in Sources */,
				CE6CDACB2C92EEE7005F7792 /* kaizen_fitnessApp.swift in Sources */,
				A1B156E12C9545CB00A1B969 /* DriveScoreView.swift in Sources */,
				CE988D282C932E1C00BC7E5C /* buttonStyle+View.swift in Sources */,
				7B8BEDA92C946E98000A4809 /* CarPlayHome.swift in Sources */,
				A16A7DB62C9DA792000A9737 /* ShoutView.swift in Sources */,
				CE988D292C932E1C00BC7E5C /* cardStyle+View.swift in Sources */,
				CE988D2B2C932E7200BC7E5C /* DriveScreen.swift in Sources */,
				7BA2E70A2C9734D500CA90E3 /* LocationManager.swift in Sources */,
				7BA2E7062C97134800CA90E3 /* MapView.swift in Sources */,
				A1B156DF2C9544F100A1B969 /* VideoPlayView.swift in Sources */,
				CE988D242C932B6600BC7E5C /* SelectPlanScreen.swift in Sources */,
			);
			runOnlyForDeploymentPostprocessing = 0;
		};
/* End PBXSourcesBuildPhase section */

/* Begin XCBuildConfiguration section */
		CE6CDAD32C92EEE7005F7792 /* Debug */ = {
			isa = XCBuildConfiguration;
			buildSettings = {
				ALWAYS_SEARCH_USER_PATHS = NO;
				ASSETCATALOG_COMPILER_GENERATE_SWIFT_ASSET_SYMBOL_EXTENSIONS = YES;
				CLANG_ANALYZER_NONNULL = YES;
				CLANG_ANALYZER_NUMBER_OBJECT_CONVERSION = YES_AGGRESSIVE;
				CLANG_CXX_LANGUAGE_STANDARD = "gnu++20";
				CLANG_ENABLE_MODULES = YES;
				CLANG_ENABLE_OBJC_ARC = YES;
				CLANG_ENABLE_OBJC_WEAK = YES;
				CLANG_WARN_BLOCK_CAPTURE_AUTORELEASING = YES;
				CLANG_WARN_BOOL_CONVERSION = YES;
				CLANG_WARN_COMMA = YES;
				CLANG_WARN_CONSTANT_CONVERSION = YES;
				CLANG_WARN_DEPRECATED_OBJC_IMPLEMENTATIONS = YES;
				CLANG_WARN_DIRECT_OBJC_ISA_USAGE = YES_ERROR;
				CLANG_WARN_DOCUMENTATION_COMMENTS = YES;
				CLANG_WARN_EMPTY_BODY = YES;
				CLANG_WARN_ENUM_CONVERSION = YES;
				CLANG_WARN_INFINITE_RECURSION = YES;
				CLANG_WARN_INT_CONVERSION = YES;
				CLANG_WARN_NON_LITERAL_NULL_CONVERSION = YES;
				CLANG_WARN_OBJC_IMPLICIT_RETAIN_SELF = YES;
				CLANG_WARN_OBJC_LITERAL_CONVERSION = YES;
				CLANG_WARN_OBJC_ROOT_CLASS = YES_ERROR;
				CLANG_WARN_QUOTED_INCLUDE_IN_FRAMEWORK_HEADER = YES;
				CLANG_WARN_RANGE_LOOP_ANALYSIS = YES;
				CLANG_WARN_STRICT_PROTOTYPES = YES;
				CLANG_WARN_SUSPICIOUS_MOVE = YES;
				CLANG_WARN_UNGUARDED_AVAILABILITY = YES_AGGRESSIVE;
				CLANG_WARN_UNREACHABLE_CODE = YES;
				CLANG_WARN__DUPLICATE_METHOD_MATCH = YES;
				COPY_PHASE_STRIP = NO;
				DEBUG_INFORMATION_FORMAT = dwarf;
				ENABLE_STRICT_OBJC_MSGSEND = YES;
				ENABLE_TESTABILITY = YES;
				ENABLE_USER_SCRIPT_SANDBOXING = YES;
				GCC_C_LANGUAGE_STANDARD = gnu17;
				GCC_DYNAMIC_NO_PIC = NO;
				GCC_NO_COMMON_BLOCKS = YES;
				GCC_OPTIMIZATION_LEVEL = 0;
				GCC_PREPROCESSOR_DEFINITIONS = (
					"DEBUG=1",
					"$(inherited)",
				);
				GCC_WARN_64_TO_32_BIT_CONVERSION = YES;
				GCC_WARN_ABOUT_RETURN_TYPE = YES_ERROR;
				GCC_WARN_UNDECLARED_SELECTOR = YES;
				GCC_WARN_UNINITIALIZED_AUTOS = YES_AGGRESSIVE;
				GCC_WARN_UNUSED_FUNCTION = YES;
				GCC_WARN_UNUSED_VARIABLE = YES;
				IPHONEOS_DEPLOYMENT_TARGET = 17.5;
				LOCALIZATION_PREFERS_STRING_CATALOGS = YES;
				MTL_ENABLE_DEBUG_INFO = INCLUDE_SOURCE;
				MTL_FAST_MATH = YES;
				ONLY_ACTIVE_ARCH = YES;
				SDKROOT = iphoneos;
				SWIFT_ACTIVE_COMPILATION_CONDITIONS = "DEBUG $(inherited)";
				SWIFT_OPTIMIZATION_LEVEL = "-Onone";
			};
			name = Debug;
		};
		CE6CDAD42C92EEE7005F7792 /* Release */ = {
			isa = XCBuildConfiguration;
			buildSettings = {
				ALWAYS_SEARCH_USER_PATHS = NO;
				ASSETCATALOG_COMPILER_GENERATE_SWIFT_ASSET_SYMBOL_EXTENSIONS = YES;
				CLANG_ANALYZER_NONNULL = YES;
				CLANG_ANALYZER_NUMBER_OBJECT_CONVERSION = YES_AGGRESSIVE;
				CLANG_CXX_LANGUAGE_STANDARD = "gnu++20";
				CLANG_ENABLE_MODULES = YES;
				CLANG_ENABLE_OBJC_ARC = YES;
				CLANG_ENABLE_OBJC_WEAK = YES;
				CLANG_WARN_BLOCK_CAPTURE_AUTORELEASING = YES;
				CLANG_WARN_BOOL_CONVERSION = YES;
				CLANG_WARN_COMMA = YES;
				CLANG_WARN_CONSTANT_CONVERSION = YES;
				CLANG_WARN_DEPRECATED_OBJC_IMPLEMENTATIONS = YES;
				CLANG_WARN_DIRECT_OBJC_ISA_USAGE = YES_ERROR;
				CLANG_WARN_DOCUMENTATION_COMMENTS = YES;
				CLANG_WARN_EMPTY_BODY = YES;
				CLANG_WARN_ENUM_CONVERSION = YES;
				CLANG_WARN_INFINITE_RECURSION = YES;
				CLANG_WARN_INT_CONVERSION = YES;
				CLANG_WARN_NON_LITERAL_NULL_CONVERSION = YES;
				CLANG_WARN_OBJC_IMPLICIT_RETAIN_SELF = YES;
				CLANG_WARN_OBJC_LITERAL_CONVERSION = YES;
				CLANG_WARN_OBJC_ROOT_CLASS = YES_ERROR;
				CLANG_WARN_QUOTED_INCLUDE_IN_FRAMEWORK_HEADER = YES;
				CLANG_WARN_RANGE_LOOP_ANALYSIS = YES;
				CLANG_WARN_STRICT_PROTOTYPES = YES;
				CLANG_WARN_SUSPICIOUS_MOVE = YES;
				CLANG_WARN_UNGUARDED_AVAILABILITY = YES_AGGRESSIVE;
				CLANG_WARN_UNREACHABLE_CODE = YES;
				CLANG_WARN__DUPLICATE_METHOD_MATCH = YES;
				COPY_PHASE_STRIP = NO;
				DEBUG_INFORMATION_FORMAT = "dwarf-with-dsym";
				ENABLE_NS_ASSERTIONS = NO;
				ENABLE_STRICT_OBJC_MSGSEND = YES;
				ENABLE_USER_SCRIPT_SANDBOXING = YES;
				GCC_C_LANGUAGE_STANDARD = gnu17;
				GCC_NO_COMMON_BLOCKS = YES;
				GCC_WARN_64_TO_32_BIT_CONVERSION = YES;
				GCC_WARN_ABOUT_RETURN_TYPE = YES_ERROR;
				GCC_WARN_UNDECLARED_SELECTOR = YES;
				GCC_WARN_UNINITIALIZED_AUTOS = YES_AGGRESSIVE;
				GCC_WARN_UNUSED_FUNCTION = YES;
				GCC_WARN_UNUSED_VARIABLE = YES;
				IPHONEOS_DEPLOYMENT_TARGET = 17.5;
				LOCALIZATION_PREFERS_STRING_CATALOGS = YES;
				MTL_ENABLE_DEBUG_INFO = NO;
				MTL_FAST_MATH = YES;
				SDKROOT = iphoneos;
				SWIFT_COMPILATION_MODE = wholemodule;
				VALIDATE_PRODUCT = YES;
			};
			name = Release;
		};
		CE6CDAD62C92EEE7005F7792 /* Debug */ = {
			isa = XCBuildConfiguration;
			buildSettings = {
				ASSETCATALOG_COMPILER_APPICON_NAME = AppIcon;
				ASSETCATALOG_COMPILER_GLOBAL_ACCENT_COLOR_NAME = AccentColor;
				CODE_SIGN_STYLE = Automatic;
				CURRENT_PROJECT_VERSION = 1;
				DEVELOPMENT_ASSET_PATHS = "\"kaizen-fitness/Preview Content\"";
				DEVELOPMENT_TEAM = LANULV72W5;
				ENABLE_PREVIEWS = YES;
				GENERATE_INFOPLIST_FILE = YES;
				INFOPLIST_KEY_NSLocationAlwaysAndWhenInUseUsageDescription = "This app uses location.";
				INFOPLIST_KEY_NSLocationAlwaysUsageDescription = "This app uses location.";
				INFOPLIST_KEY_NSLocationWhenInUseUsageDescription = "This app uses location.";
				INFOPLIST_KEY_UIApplicationSceneManifest_Generation = YES;
				INFOPLIST_KEY_UIApplicationSupportsIndirectInputEvents = YES;
				INFOPLIST_KEY_UILaunchScreen_Generation = YES;
				INFOPLIST_KEY_UISupportedInterfaceOrientations_iPad = "UIInterfaceOrientationPortrait UIInterfaceOrientationPortraitUpsideDown UIInterfaceOrientationLandscapeLeft UIInterfaceOrientationLandscapeRight";
				INFOPLIST_KEY_UISupportedInterfaceOrientations_iPhone = "UIInterfaceOrientationPortrait UIInterfaceOrientationLandscapeLeft UIInterfaceOrientationLandscapeRight";
				IPHONEOS_DEPLOYMENT_TARGET = 17.0;
				LD_RUNPATH_SEARCH_PATHS = (
					"$(inherited)",
					"@executable_path/Frameworks",
				);
				MARKETING_VERSION = 1.0;
				PRODUCT_BUNDLE_IDENTIFIER = "com.takutaku.SwiftApp.kaizen-fitness";
				PRODUCT_NAME = "$(TARGET_NAME)";
				SWIFT_EMIT_LOC_STRINGS = YES;
				SWIFT_VERSION = 5.0;
				TARGETED_DEVICE_FAMILY = "1,2";
			};
			name = Debug;
		};
		CE6CDAD72C92EEE7005F7792 /* Release */ = {
			isa = XCBuildConfiguration;
			buildSettings = {
				ASSETCATALOG_COMPILER_APPICON_NAME = AppIcon;
				ASSETCATALOG_COMPILER_GLOBAL_ACCENT_COLOR_NAME = AccentColor;
				CODE_SIGN_STYLE = Automatic;
				CURRENT_PROJECT_VERSION = 1;
				DEVELOPMENT_ASSET_PATHS = "\"kaizen-fitness/Preview Content\"";
				DEVELOPMENT_TEAM = LANULV72W5;
				ENABLE_PREVIEWS = YES;
				GENERATE_INFOPLIST_FILE = YES;
				INFOPLIST_KEY_NSLocationAlwaysAndWhenInUseUsageDescription = "This app uses location.";
				INFOPLIST_KEY_NSLocationAlwaysUsageDescription = "This app uses location.";
				INFOPLIST_KEY_NSLocationWhenInUseUsageDescription = "This app uses location.";
				INFOPLIST_KEY_UIApplicationSceneManifest_Generation = YES;
				INFOPLIST_KEY_UIApplicationSupportsIndirectInputEvents = YES;
				INFOPLIST_KEY_UILaunchScreen_Generation = YES;
				INFOPLIST_KEY_UISupportedInterfaceOrientations_iPad = "UIInterfaceOrientationPortrait UIInterfaceOrientationPortraitUpsideDown UIInterfaceOrientationLandscapeLeft UIInterfaceOrientationLandscapeRight";
				INFOPLIST_KEY_UISupportedInterfaceOrientations_iPhone = "UIInterfaceOrientationPortrait UIInterfaceOrientationLandscapeLeft UIInterfaceOrientationLandscapeRight";
				IPHONEOS_DEPLOYMENT_TARGET = 17.0;
				LD_RUNPATH_SEARCH_PATHS = (
					"$(inherited)",
					"@executable_path/Frameworks",
				);
				MARKETING_VERSION = 1.0;
				PRODUCT_BUNDLE_IDENTIFIER = "com.takutaku.SwiftApp.kaizen-fitness";
				PRODUCT_NAME = "$(TARGET_NAME)";
				SWIFT_EMIT_LOC_STRINGS = YES;
				SWIFT_VERSION = 5.0;
				TARGETED_DEVICE_FAMILY = "1,2";
			};
			name = Release;
		};
/* End XCBuildConfiguration section */

/* Begin XCConfigurationList section */
		CE6CDAC22C92EEE7005F7792 /* Build configuration list for PBXProject "kaizen-fitness" */ = {
			isa = XCConfigurationList;
			buildConfigurations = (
				CE6CDAD32C92EEE7005F7792 /* Debug */,
				CE6CDAD42C92EEE7005F7792 /* Release */,
			);
			defaultConfigurationIsVisible = 0;
			defaultConfigurationName = Release;
		};
		CE6CDAD52C92EEE7005F7792 /* Build configuration list for PBXNativeTarget "kaizen-fitness" */ = {
			isa = XCConfigurationList;
			buildConfigurations = (
				CE6CDAD62C92EEE7005F7792 /* Debug */,
				CE6CDAD72C92EEE7005F7792 /* Release */,
			);
			defaultConfigurationIsVisible = 0;
			defaultConfigurationName = Release;
		};
/* End XCConfigurationList section */
	};
	rootObject = CE6CDABF2C92EEE7005F7792 /* Project object */;
}
